{"1.1.0",
[{<<"base16">>,{pkg,<<"base16">>,<<"1.0.0">>},1},
 {<<"cowboy">>,
  {git,"https://github.com/ninenines/cowboy.git",
       {ref,"90ae31998e8d0887b9efe4b441136ac047708bb9"}},
  0},
 {<<"cowlib">>,
  {git,"https://github.com/ninenines/cowlib.git",
       {ref,"0bd62c8920cd7c0f901207320f07229452cc5681"}},
  1},
 {<<"edown">>,
  {git,"https://github.com/uwiger/edown.git",
       {ref,"b7c8eb0ac1859f8fce11cbfe3526f5ec83194776"}},
  1},
 {<<"eini">>,{pkg,<<"eini">>,<<"1.2.4">>},1},
 {<<"erlcloud">>,
  {git,"https://github.com/erlcloud/erlcloud.git",
       {ref,"b70efdcdbac1f8723ae920b1731d512dd8eb9618"}},
  0},
 {<<"fqc">>,
  {git,"https://github.com/project-fifo/fqc.git",
       {ref,"ad62f8121414ed026a6a9f564b1856191ab7d1fc"}},
  1},
 {<<"gen_smtp">>,
  {git,"https://github.com/Vagabond/gen_smtp.git",
       {ref,"263b29241666f676f7979f7c6b156d8fe1e69f59"}},
  0},
 {<<"goldrush">>,{pkg,<<"goldrush">>,<<"0.1.9">>},1},
 {<<"hamcrest">>,
  {git,"https://github.com/hyperthunk/hamcrest-erlang",
       {ref,"a8578932014c86fe395982fa3151d48897b9c37f"}},
  0},
 {<<"hdr_histogram">>,
  {git,"https://github.com/machinezone/hdr_histogram_erl.git",
       {ref,"08df38c6e2390200e655619f9cfbfda315c0b43d"}},
  0},
 {<<"jiffy">>,
  {git,"https://github.com/dhruvjain99/jiffy.git",
       {ref,"161bffab487b7c2b7d87dcdbf2191cf6889a52b4"}},
  0},
 {<<"jsx">>,{pkg,<<"jsx">>,<<"2.8.0">>},1},
 {<<"lager">>,
  {git,"https://github.com/erlang-lager/lager.git",
       {ref,"22e62f28e5afabe90a6f31bcde367a2b5799fc94"}},
  0},
 {<<"lhttpc">>,{pkg,<<"lhttpc">>,<<"1.5.4">>},1},
 {<<"meck">>,
  {git,"https://github.com/eproxus/meck.git",
       {ref,"4ecc1ae9089edc6977e8c8c4cd41081513cc5590"}},
  0},
 {<<"mzbench_language">>,{rsync,"../common_apps/mzbench_language/"},0},
 {<<"mzbench_utils">>,{rsync,"../common_apps/mzbench_utils/"},0},
 {<<"pretty_errors">>,
  {git,"https://github.com/ethercrow/pretty_errors",
       {ref,"531d79b0057c3b08b8509b326b9bdaf663bf45ce"}},
  1},
 {<<"proper">>,
  {git,"https://github.com/manopapad/proper.git",
       {ref,"284650084f04dcdf998bf54447a503cc73141801"}},
  1},
 {<<"ranch">>,
  {git,"https://github.com/ninenines/ranch.git",
       {ref,"adf1822defc2b7cfdc7aca112adabfa1d614043c"}},
  1}]}.
[
{pkg_hash,[
 {<<"base16">>, <<"283644E2B21BD5915ACB7178BED7851FB07C6E5749B8FAD68A53C501092176D9">>},
 {<<"eini">>, <<"ABD64A0533398A6D714D21219BB85F2D41FDB42665AC4080939B7BFA8E55F386">>},
 {<<"goldrush">>, <<"F06E5D5F1277DA5C413E84D5A2924174182FB108DABB39D5EC548B27424CD106">>},
 {<<"jsx">>, <<"749BEC6D205C694AE1786D62CEA6CC45A390437E24835FD16D12D74F07097727">>},
 {<<"lhttpc">>, <<"405E4F460D67FE8F43F0E6D64E4D168F8A5CFF3AD34D78114688753DAA80FBEB">>}]}
].